
Microsoft Visual Studio Solution File, Format Version 12.00
# Visual Studio 15
VisualStudioVersion = 15.0.28010.2050
MinimumVisualStudioVersion = 10.0.40219.1
Project("{FAE04EC0-301F-11D3-BF4B-00C04F79EFBC}") = "WeeklyProject3_v4", "WeeklyProject3_v4\WeeklyProject3_v4.csproj", "{3879C9BB-C002-4E86-BBFB-F7A82B1A1824}"
EndProject
Global
	GlobalSection(SolutionConfigurationPlatforms) = preSolution
		Debug|Any CPU = Debug|Any CPU
		Release|Any CPU = Release|Any CPU
	EndGlobalSection
	GlobalSection(ProjectConfigurationPlatforms) = postSolution
		{3879C9BB-C002-4E86-BBFB-F7A82B1A1824}.Debug|Any CPU.ActiveCfg = Debug|Any CPU
		{3879C9BB-C002-4E86-BBFB-F7A82B1A1824}.Debug|Any CPU.Build.0 = Debug|Any CPU
		{3879C9BB-C002-4E86-BBFB-F7A82B1A1824}.Release|Any CPU.ActiveCfg = Release|Any CPU
		{3879C9BB-C002-4E86-BBFB-F7A82B1A1824}.Release|Any CPU.Build.0 = Release|Any CPU
	EndGlobalSection
	GlobalSection(SolutionProperties) = preSolution
		HideSolutionNode = FALSE
	EndGlobalSection
	GlobalSection(ExtensibilityGlobals) = postSolution
		SolutionGuid = {D82EC48F-6D36-425F-B8C0-14EFECFF124F}
	EndGlobalSection
EndGlobal
