
Microsoft Visual Studio Solution File, Format Version 12.00
# Visual Studio 15
VisualStudioVersion = 15.0.28307.329
MinimumVisualStudioVersion = 10.0.40219.1
Project("{FAE04EC0-301F-11D3-BF4B-00C04F79EFBC}") = "Bi-Weakly Project 4", "Bi-Weakly Project 4\Bi-Weakly Project 4.csproj", "{791AD66D-4D4C-40B9-A348-69C008062E4C}"
EndProject
Global
	GlobalSection(SolutionConfigurationPlatforms) = preSolution
		Debug|Any CPU = Debug|Any CPU
		Release|Any CPU = Release|Any CPU
	EndGlobalSection
	GlobalSection(ProjectConfigurationPlatforms) = postSolution
		{791AD66D-4D4C-40B9-A348-69C008062E4C}.Debug|Any CPU.ActiveCfg = Debug|Any CPU
		{791AD66D-4D4C-40B9-A348-69C008062E4C}.Debug|Any CPU.Build.0 = Debug|Any CPU
		{791AD66D-4D4C-40B9-A348-69C008062E4C}.Release|Any CPU.ActiveCfg = Release|Any CPU
		{791AD66D-4D4C-40B9-A348-69C008062E4C}.Release|Any CPU.Build.0 = Release|Any CPU
	EndGlobalSection
	GlobalSection(SolutionProperties) = preSolution
		HideSolutionNode = FALSE
	EndGlobalSection
	GlobalSection(ExtensibilityGlobals) = postSolution
		SolutionGuid = {C9B218C6-E277-49F2-B829-55520D083DF0}
	EndGlobalSection
EndGlobal
